PODS:
  - Nimble (7.1.3)
  - PromiseKit (6.7.0):
    - PromiseKit/CorePromise (= 6.7.0)
    - PromiseKit/Foundation (= 6.7.0)
    - PromiseKit/UIKit (= 6.7.0)
  - PromiseKit/CorePromise (6.7.0)
  - PromiseKit/Foundation (6.7.0):
    - PromiseKit/CorePromise
  - PromiseKit/UIKit (6.7.0):
    - PromiseKit/CorePromise

DEPENDENCIES:
  - Nimble (~> 7.1.1)
  - PromiseKit (~> 6.0)

SPEC REPOS:
  https://github.com/cocoapods/specs.git:
    - Nimble
    - PromiseKit

SPEC CHECKSUMS:
  Nimble: 2839b01d1b31f6a6a7777a221f0d91cf52e8e27b
  PromiseKit: 453ddcc947fe7b302f3ef41882b81d31c554df7f

PODFILE CHECKSUM: f3e969a7cfcc9030090c598dee74e239ccf8af2f

COCOAPODS: 1.6.0.beta.2
